
Microsoft Visual Studio Solution File, Format Version 12.00
# Visual Studio Version 16
VisualStudioVersion = 16.0.32802.440
MinimumVisualStudioVersion = 10.0.40219.1
Project("{FAE04EC0-301F-11D3-BF4B-00C04F79EFBC}") = "DKP_MarceloMullerCarvalho_Teste", "DKP_MarceloMullerCarvalho_Teste\DKP_MarceloMullerCarvalho_Teste.csproj", "{D581D1CF-9CB3-46DB-91A9-28EE8CE50DCE}"
EndProject
Global
	GlobalSection(SolutionConfigurationPlatforms) = preSolution
		Debug|Any CPU = Debug|Any CPU
		Release|Any CPU = Release|Any CPU
	EndGlobalSection
	GlobalSection(ProjectConfigurationPlatforms) = postSolution
		{D581D1CF-9CB3-46DB-91A9-28EE8CE50DCE}.Debug|Any CPU.ActiveCfg = Debug|Any CPU
		{D581D1CF-9CB3-46DB-91A9-28EE8CE50DCE}.Debug|Any CPU.Build.0 = Debug|Any CPU
		{D581D1CF-9CB3-46DB-91A9-28EE8CE50DCE}.Release|Any CPU.ActiveCfg = Release|Any CPU
		{D581D1CF-9CB3-46DB-91A9-28EE8CE50DCE}.Release|Any CPU.Build.0 = Release|Any CPU
	EndGlobalSection
	GlobalSection(SolutionProperties) = preSolution
		HideSolutionNode = FALSE
	EndGlobalSection
	GlobalSection(ExtensibilityGlobals) = postSolution
		SolutionGuid = {748DCC00-B882-49DC-94C1-72251B00551D}
	EndGlobalSection
EndGlobal
